
Microsoft Visual Studio Solution File, Format Version 12.00
# Visual Studio Version 17
VisualStudioVersion = 17.5.33516.290
MinimumVisualStudioVersion = 10.0.40219.1
Project("{FAE04EC0-301F-11D3-BF4B-00C04F79EFBC}") = "QuanLyDiemSinhVien", "QuanLyDiemSinhVien\QuanLyDiemSinhVien.csproj", "{3ACE9F5F-F84A-4DC8-BC80-6DF1873C07A3}"
EndProject
Global
	GlobalSection(SolutionConfigurationPlatforms) = preSolution
		Debug|Any CPU = Debug|Any CPU
		Release|Any CPU = Release|Any CPU
	EndGlobalSection
	GlobalSection(ProjectConfigurationPlatforms) = postSolution
		{3ACE9F5F-F84A-4DC8-BC80-6DF1873C07A3}.Debug|Any CPU.ActiveCfg = Debug|Any CPU
		{3ACE9F5F-F84A-4DC8-BC80-6DF1873C07A3}.Debug|Any CPU.Build.0 = Debug|Any CPU
		{3ACE9F5F-F84A-4DC8-BC80-6DF1873C07A3}.Release|Any CPU.ActiveCfg = Release|Any CPU
		{3ACE9F5F-F84A-4DC8-BC80-6DF1873C07A3}.Release|Any CPU.Build.0 = Release|Any CPU
	EndGlobalSection
	GlobalSection(SolutionProperties) = preSolution
		HideSolutionNode = FALSE
	EndGlobalSection
	GlobalSection(ExtensibilityGlobals) = postSolution
		SolutionGuid = {CD56771D-9A5A-4342-A438-36E2C296E6CE}
	EndGlobalSection
EndGlobal
